// !$*UTF8*$!
{
	archiveVersion = 1;
	classes = {
	};
	objectVersion = 46;
	objects = {

/* Begin PBXBuildFile section */
		672AC2A3190762090066A147 /* Foundation.framework in Frameworks */ = {isa = PBXBuildFile; fileRef = 672AC2A2190762090066A147 /* Foundation.framework */; };
		672AC2A5190762090066A147 /* CoreGraphics.framework in Frameworks */ = {isa = PBXBuildFile; fileRef = 672AC2A4190762090066A147 /* CoreGraphics.framework */; };
		672AC2A7190762090066A147 /* UIKit.framework in Frameworks */ = {isa = PBXBuildFile; fileRef = 672AC2A6190762090066A147 /* UIKit.framework */; };
		672AC2AD190762090066A147 /* InfoPlist.strings in Resources */ = {isa = PBXBuildFile; fileRef = 672AC2AB190762090066A147 /* InfoPlist.strings */; };
		672AC2AF190762090066A147 /* main.m in Sources */ = {isa = PBXBuildFile; fileRef = 672AC2AE190762090066A147 /* main.m */; };
		672AC2B3190762090066A147 /* MEGAppDelegate.m in Sources */ = {isa = PBXBuildFile; fileRef = 672AC2B2190762090066A147 /* MEGAppDelegate.m */; };
		672AC2B6190762090066A147 /* Main.storyboard in Resources */ = {isa = PBXBuildFile; fileRef = 672AC2B4190762090066A147 /* Main.storyboard */; };
		672AC2B9190762090066A147 /* MEGViewController.m in Sources */ = {isa = PBXBuildFile; fileRef = 672AC2B8190762090066A147 /* MEGViewController.m */; };
		672AC2BB190762090066A147 /* Images.xcassets in Resources */ = {isa = PBXBuildFile; fileRef = 672AC2BA190762090066A147 /* Images.xcassets */; };
		672AC2C2190762090066A147 /* XCTest.framework in Frameworks */ = {isa = PBXBuildFile; fileRef = 672AC2C1190762090066A147 /* XCTest.framework */; };
		672AC2C3190762090066A147 /* Foundation.framework in Frameworks */ = {isa = PBXBuildFile; fileRef = 672AC2A2190762090066A147 /* Foundation.framework */; };
		672AC2C4190762090066A147 /* UIKit.framework in Frameworks */ = {isa = PBXBuildFile; fileRef = 672AC2A6190762090066A147 /* UIKit.framework */; };
		672AC2CC190762090066A147 /* InfoPlist.strings in Resources */ = {isa = PBXBuildFile; fileRef = 672AC2CA190762090066A147 /* InfoPlist.strings */; };
		672AC2CE190762090066A147 /* UITableViewController_Challenge_SolutionTests.m in Sources */ = {isa = PBXBuildFile; fileRef = 672AC2CD190762090066A147 /* UITableViewController_Challenge_SolutionTests.m */; };
/* End PBXBuildFile section */

/* Begin PBXContainerItemProxy section */
		672AC2C5190762090066A147 /* PBXContainerItemProxy */ = {
			isa = PBXContainerItemProxy;
			containerPortal = 672AC297190762090066A147 /* Project object */;
			proxyType = 1;
			remoteGlobalIDString = 672AC29E190762090066A147;
			remoteInfo = "UITableViewController Challenge Solution";
		};
/* End PBXContainerItemProxy section */

/* Begin PBXFileReference section */
		672AC29F190762090066A147 /* UITableViewController Challenge Solution.app */ = {isa = PBXFileReference; explicitFileType = wrapper.application; includeInIndex = 0; path = "UITableViewController Challenge Solution.app"; sourceTree = BUILT_PRODUCTS_DIR; };
		672AC2A2190762090066A147 /* Foundation.framework */ = {isa = PBXFileReference; lastKnownFileType = wrapper.framework; name = Foundation.framework; path = System/Library/Frameworks/Foundation.framework; sourceTree = SDKROOT; };
		672AC2A4190762090066A147 /* CoreGraphics.framework */ = {isa = PBXFileReference; lastKnownFileType = wrapper.framework; name = CoreGraphics.framework; path = System/Library/Frameworks/CoreGraphics.framework; sourceTree = SDKROOT; };
		672AC2A6190762090066A147 /* UIKit.framework */ = {isa = PBXFileReference; lastKnownFileType = wrapper.framework; name = UIKit.framework; path = System/Library/Frameworks/UIKit.framework; sourceTree = SDKROOT; };
		672AC2AA190762090066A147 /* UITableViewController Challenge Solution-Info.plist */ = {isa = PBXFileReference; lastKnownFileType = text.plist.xml; path = "UITableViewController Challenge Solution-Info.plist"; sourceTree = "<group>"; };
		672AC2AC190762090066A147 /* en */ = {isa = PBXFileReference; lastKnownFileType = text.plist.strings; name = en; path = en.lproj/InfoPlist.strings; sourceTree = "<group>"; };
		672AC2AE190762090066A147 /* main.m */ = {isa = PBXFileReference; lastKnownFileType = sourcecode.c.objc; path = main.m; sourceTree = "<group>"; };
		672AC2B0190762090066A147 /* UITableViewController Challenge Solution-Prefix.pch */ = {isa = PBXFileReference; lastKnownFileType = sourcecode.c.h; path = "UITableViewController Challenge Solution-Prefix.pch"; sourceTree = "<group>"; };
		672AC2B1190762090066A147 /* MEGAppDelegate.h */ = {isa = PBXFileReference; lastKnownFileType = sourcecode.c.h; path = MEGAppDelegate.h; sourceTree = "<group>"; };
		672AC2B2190762090066A147 /* MEGAppDelegate.m */ = {isa = PBXFileReference; lastKnownFileType = sourcecode.c.objc; path = MEGAppDelegate.m; sourceTree = "<group>"; };
		672AC2B5190762090066A147 /* Base */ = {isa = PBXFileReference; lastKnownFileType = file.storyboard; name = Base; path = Base.lproj/Main.storyboard; sourceTree = "<group>"; };
		672AC2B7190762090066A147 /* MEGViewController.h */ = {isa = PBXFileReference; lastKnownFileType = sourcecode.c.h; path = MEGViewController.h; sourceTree = "<group>"; };
		672AC2B8190762090066A147 /* MEGViewController.m */ = {isa = PBXFileReference; lastKnownFileType = sourcecode.c.objc; path = MEGViewController.m; sourceTree = "<group>"; };
		672AC2BA190762090066A147 /* Images.xcassets */ = {isa = PBXFileReference; lastKnownFileType = folder.assetcatalog; path = Images.xcassets; sourceTree = "<group>"; };
		672AC2C0190762090066A147 /* UITableViewController Challenge SolutionTests.xctest */ = {isa = PBXFileReference; explicitFileType = wrapper.cfbundle; includeInIndex = 0; path = "UITableViewController Challenge SolutionTests.xctest"; sourceTree = BUILT_PRODUCTS_DIR; };
		672AC2C1190762090066A147 /* XCTest.framework */ = {isa = PBXFileReference; lastKnownFileType = wrapper.framework; name = XCTest.framework; path = Library/Frameworks/XCTest.framework; sourceTree = DEVELOPER_DIR; };
		672AC2C9190762090066A147 /* UITableViewController Challenge SolutionTests-Info.plist */ = {isa = PBXFileReference; lastKnownFileType = text.plist.xml; path = "UITableViewController Challenge SolutionTests-Info.plist"; sourceTree = "<group>"; };
		672AC2CB190762090066A147 /* en */ = {isa = PBXFileReference; lastKnownFileType = text.plist.strings; name = en; path = en.lproj/InfoPlist.strings; sourceTree = "<group>"; };
		672AC2CD190762090066A147 /* UITableViewController_Challenge_SolutionTests.m */ = {isa = PBXFileReference; lastKnownFileType = sourcecode.c.objc; path = UITableViewController_Challenge_SolutionTests.m; sourceTree = "<group>"; };
/* End PBXFileReference section */

/* Begin PBXFrameworksBuildPhase section */
		672AC29C190762090066A147 /* Frameworks */ = {
			isa = PBXFrameworksBuildPhase;
			buildActionMask = 2147483647;
			files = (
				672AC2A5190762090066A147 /* CoreGraphics.framework in Frameworks */,
				672AC2A7190762090066A147 /* UIKit.framework in Frameworks */,
				672AC2A3190762090066A147 /* Foundation.framework in Frameworks */,
			);
			runOnlyForDeploymentPostprocessing = 0;
		};
		672AC2BD190762090066A147 /* Frameworks */ = {
			isa = PBXFrameworksBuildPhase;
			buildActionMask = 2147483647;
			files = (
				672AC2C2190762090066A147 /* XCTest.framework in Frameworks */,
				672AC2C4190762090066A147 /* UIKit.framework in Frameworks */,
				672AC2C3190762090066A147 /* Foundation.framework in Frameworks */,
			);
			runOnlyForDeploymentPostprocessing = 0;
		};
/* End PBXFrameworksBuildPhase section */

/* Begin PBXGroup section */
		672AC296190762090066A147 = {
			isa = PBXGroup;
			children = (
				672AC2A8190762090066A147 /* UITableViewController Challenge Solution */,
				672AC2C7190762090066A147 /* UITableViewController Challenge SolutionTests */,
				672AC2A1190762090066A147 /* Frameworks */,
				672AC2A0190762090066A147 /* Products */,
			);
			sourceTree = "<group>";
		};
		672AC2A0190762090066A147 /* Products */ = {
			isa = PBXGroup;
			children = (
				672AC29F190762090066A147 /* UITableViewController Challenge Solution.app */,
				672AC2C0190762090066A147 /* UITableViewController Challenge SolutionTests.xctest */,
			);
			name = Products;
			sourceTree = "<group>";
		};
		672AC2A1190762090066A147 /* Frameworks */ = {
			isa = PBXGroup;
			children = (
				672AC2A2190762090066A147 /* Foundation.framework */,
				672AC2A4190762090066A147 /* CoreGraphics.framework */,
				672AC2A6190762090066A147 /* UIKit.framework */,
				672AC2C1190762090066A147 /* XCTest.framework */,
			);
			name = Frameworks;
			sourceTree = "<group>";
		};
		672AC2A8190762090066A147 /* UITableViewController Challenge Solution */ = {
			isa = PBXGroup;
			children = (
				672AC2B1190762090066A147 /* MEGAppDelegate.h */,
				672AC2B2190762090066A147 /* MEGAppDelegate.m */,
				672AC2B4190762090066A147 /* Main.storyboard */,
				672AC2B7190762090066A147 /* MEGViewController.h */,
				672AC2B8190762090066A147 /* MEGViewController.m */,
				672AC2BA190762090066A147 /* Images.xcassets */,
				672AC2A9190762090066A147 /* Supporting Files */,
			);
			path = "UITableViewController Challenge Solution";
			sourceTree = "<group>";
		};
		672AC2A9190762090066A147 /* Supporting Files */ = {
			isa = PBXGroup;
			children = (
				672AC2AA190762090066A147 /* UITableViewController Challenge Solution-Info.plist */,
				672AC2AB190762090066A147 /* InfoPlist.strings */,
				672AC2AE190762090066A147 /* main.m */,
				672AC2B0190762090066A147 /* UITableViewController Challenge Solution-Prefix.pch */,
			);
			name = "Supporting Files";
			sourceTree = "<group>";
		};
		672AC2C7190762090066A147 /* UITableViewController Challenge SolutionTests */ = {
			isa = PBXGroup;
			children = (
				672AC2CD190762090066A147 /* UITableViewController_Challenge_SolutionTests.m */,
				672AC2C8190762090066A147 /* Supporting Files */,
			);
			path = "UITableViewController Challenge SolutionTests";
			sourceTree = "<group>";
		};
		672AC2C8190762090066A147 /* Supporting Files */ = {
			isa = PBXGroup;
			children = (
				672AC2C9190762090066A147 /* UITableViewController Challenge SolutionTests-Info.plist */,
				672AC2CA190762090066A147 /* InfoPlist.strings */,
			);
			name = "Supporting Files";
			sourceTree = "<group>";
		};
/* End PBXGroup section */

/* Begin PBXNativeTarget section */
		672AC29E190762090066A147 /* UITableViewController Challenge Solution */ = {
			isa = PBXNativeTarget;
			buildConfigurationList = 672AC2D11907620A0066A147 /* Build configuration list for PBXNativeTarget "UITableViewController Challenge Solution" */;
			buildPhases = (
				672AC29B190762090066A147 /* Sources */,
				672AC29C190762090066A147 /* Frameworks */,
				672AC29D190762090066A147 /* Resources */,
			);
			buildRules = (
			);
			dependencies = (
			);
			name = "UITableViewController Challenge Solution";
			productName = "UITableViewController Challenge Solution";
			productReference = 672AC29F190762090066A147 /* UITableViewController Challenge Solution.app */;
			productType = "com.apple.product-type.application";
		};
		672AC2BF190762090066A147 /* UITableViewController Challenge SolutionTests */ = {
			isa = PBXNativeTarget;
			buildConfigurationList = 672AC2D41907620A0066A147 /* Build configuration list for PBXNativeTarget "UITableViewController Challenge SolutionTests" */;
			buildPhases = (
				672AC2BC190762090066A147 /* Sources */,
				672AC2BD190762090066A147 /* Frameworks */,
				672AC2BE190762090066A147 /* Resources */,
			);
			buildRules = (
			);
			dependencies = (
				672AC2C6190762090066A147 /* PBXTargetDependency */,
			);
			name = "UITableViewController Challenge SolutionTests";
			productName = "UITableViewController Challenge SolutionTests";
			productReference = 672AC2C0190762090066A147 /* UITableViewController Challenge SolutionTests.xctest */;
			productType = "com.apple.product-type.bundle.unit-test";
		};
/* End PBXNativeTarget section */

/* Begin PBXProject section */
		672AC297190762090066A147 /* Project object */ = {
			isa = PBXProject;
			attributes = {
				CLASSPREFIX = MEG;
				LastUpgradeCheck = 0510;
				ORGANIZATIONNAME = "MeG Studios";
				TargetAttributes = {
					672AC2BF190762090066A147 = {
						TestTargetID = 672AC29E190762090066A147;
					};
				};
			};
			buildConfigurationList = 672AC29A190762090066A147 /* Build configuration list for PBXProject "UITableViewController Challenge Solution" */;
			compatibilityVersion = "Xcode 3.2";
			developmentRegion = English;
			hasScannedForEncodings = 0;
			knownRegions = (
				en,
				Base,
			);
			mainGroup = 672AC296190762090066A147;
			productRefGroup = 672AC2A0190762090066A147 /* Products */;
			projectDirPath = "";
			projectRoot = "";
			targets = (
				672AC29E190762090066A147 /* UITableViewController Challenge Solution */,
				672AC2BF190762090066A147 /* UITableViewController Challenge SolutionTests */,
			);
		};
/* End PBXProject section */

/* Begin PBXResourcesBuildPhase section */
		672AC29D190762090066A147 /* Resources */ = {
			isa = PBXResourcesBuildPhase;
			buildActionMask = 2147483647;
			files = (
				672AC2BB190762090066A147 /* Images.xcassets in Resources */,
				672AC2AD190762090066A147 /* InfoPlist.strings in Resources */,
				672AC2B6190762090066A147 /* Main.storyboard in Resources */,
			);
			runOnlyForDeploymentPostprocessing = 0;
		};
		672AC2BE190762090066A147 /* Resources */ = {
			isa = PBXResourcesBuildPhase;
			buildActionMask = 2147483647;
			files = (
				672AC2CC190762090066A147 /* InfoPlist.strings in Resources */,
			);
			runOnlyForDeploymentPostprocessing = 0;
		};
/* End PBXResourcesBuildPhase section */

/* Begin PBXSourcesBuildPhase section */
		672AC29B190762090066A147 /* Sources */ = {
			isa = PBXSourcesBuildPhase;
			buildActionMask = 2147483647;
			files = (
				672AC2B3190762090066A147 /* MEGAppDelegate.m in Sources */,
				672AC2AF190762090066A147 /* main.m in Sources */,
				672AC2B9190762090066A147 /* MEGViewController.m in Sources */,
			);
			runOnlyForDeploymentPostprocessing = 0;
		};
		672AC2BC190762090066A147 /* Sources */ = {
			isa = PBXSourcesBuildPhase;
			buildActionMask = 2147483647;
			files = (
				672AC2CE190762090066A147 /* UITableViewController_Challenge_SolutionTests.m in Sources */,
			);
			runOnlyForDeploymentPostprocessing = 0;
		};
/* End PBXSourcesBuildPhase section */

/* Begin PBXTargetDependency section */
		672AC2C6190762090066A147 /* PBXTargetDependency */ = {
			isa = PBXTargetDependency;
			target = 672AC29E190762090066A147 /* UITableViewController Challenge Solution */;
			targetProxy = 672AC2C5190762090066A147 /* PBXContainerItemProxy */;
		};
/* End PBXTargetDependency section */

/* Begin PBXVariantGroup section */
		672AC2AB190762090066A147 /* InfoPlist.strings */ = {
			isa = PBXVariantGroup;
			children = (
				672AC2AC190762090066A147 /* en */,
			);
			name = InfoPlist.strings;
			sourceTree = "<group>";
		};
		672AC2B4190762090066A147 /* Main.storyboard */ = {
			isa = PBXVariantGroup;
			children = (
				672AC2B5190762090066A147 /* Base */,
			);
			name = Main.storyboard;
			sourceTree = "<group>";
		};
		672AC2CA190762090066A147 /* InfoPlist.strings */ = {
			isa = PBXVariantGroup;
			children = (
				672AC2CB190762090066A147 /* en */,
			);
			name = InfoPlist.strings;
			sourceTree = "<group>";
		};
/* End PBXVariantGroup section */

/* Begin XCBuildConfiguration section */
		672AC2CF1907620A0066A147 /* Debug */ = {
			isa = XCBuildConfiguration;
			buildSettings = {
				ALWAYS_SEARCH_USER_PATHS = NO;
				CLANG_CXX_LANGUAGE_STANDARD = "gnu++0x";
				CLANG_CXX_LIBRARY = "libc++";
				CLANG_ENABLE_MODULES = YES;
				CLANG_ENABLE_OBJC_ARC = YES;
				CLANG_WARN_BOOL_CONVERSION = YES;
				CLANG_WARN_CONSTANT_CONVERSION = YES;
				CLANG_WARN_DIRECT_OBJC_ISA_USAGE = YES_ERROR;
				CLANG_WARN_EMPTY_BODY = YES;
				CLANG_WARN_ENUM_CONVERSION = YES;
				CLANG_WARN_INT_CONVERSION = YES;
				CLANG_WARN_OBJC_ROOT_CLASS = YES_ERROR;
				CLANG_WARN__DUPLICATE_METHOD_MATCH = YES;
				"CODE_SIGN_IDENTITY[sdk=iphoneos*]" = "iPhone Developer";
				COPY_PHASE_STRIP = NO;
				GCC_C_LANGUAGE_STANDARD = gnu99;
				GCC_DYNAMIC_NO_PIC = NO;
				GCC_OPTIMIZATION_LEVEL = 0;
				GCC_PREPROCESSOR_DEFINITIONS = (
					"DEBUG=1",
					"$(inherited)",
				);
				GCC_SYMBOLS_PRIVATE_EXTERN = NO;
				GCC_WARN_64_TO_32_BIT_CONVERSION = YES;
				GCC_WARN_ABOUT_RETURN_TYPE = YES_ERROR;
				GCC_WARN_UNDECLARED_SELECTOR = YES;
				GCC_WARN_UNINITIALIZED_AUTOS = YES_AGGRESSIVE;
				GCC_WARN_UNUSED_FUNCTION = YES;
				GCC_WARN_UNUSED_VARIABLE = YES;
				IPHONEOS_DEPLOYMENT_TARGET = 7.1;
				ONLY_ACTIVE_ARCH = YES;
				SDKROOT = iphoneos;
			};
			name = Debug;
		};
		672AC2D01907620A0066A147 /* Release */ = {
			isa = XCBuildConfiguration;
			buildSettings = {
				ALWAYS_SEARCH_USER_PATHS = NO;
				CLANG_CXX_LANGUAGE_STANDARD = "gnu++0x";
				CLANG_CXX_LIBRARY = "libc++";
				CLANG_ENABLE_MODULES = YES;
				CLANG_ENABLE_OBJC_ARC = YES;
				CLANG_WARN_BOOL_CONVERSION = YES;
				CLANG_WARN_CONSTANT_CONVERSION = YES;
				CLANG_WARN_DIRECT_OBJC_ISA_USAGE = YES_ERROR;
				CLANG_WARN_EMPTY_BODY = YES;
				CLANG_WARN_ENUM_CONVERSION = YES;
				CLANG_WARN_INT_CONVERSION = YES;
				CLANG_WARN_OBJC_ROOT_CLASS = YES_ERROR;
				CLANG_WARN__DUPLICATE_METHOD_MATCH = YES;
				"CODE_SIGN_IDENTITY[sdk=iphoneos*]" = "iPhone Developer";
				COPY_PHASE_STRIP = YES;
				ENABLE_NS_ASSERTIONS = NO;
				GCC_C_LANGUAGE_STANDARD = gnu99;
				GCC_WARN_64_TO_32_BIT_CONVERSION = YES;
				GCC_WARN_ABOUT_RETURN_TYPE = YES_ERROR;
				GCC_WARN_UNDECLARED_SELECTOR = YES;
				GCC_WARN_UNINITIALIZED_AUTOS = YES_AGGRESSIVE;
				GCC_WARN_UNUSED_FUNCTION = YES;
				GCC_WARN_UNUSED_VARIABLE = YES;
				IPHONEOS_DEPLOYMENT_TARGET = 7.1;
				SDKROOT = iphoneos;
				VALIDATE_PRODUCT = YES;
			};
			name = Release;
		};
		672AC2D21907620A0066A147 /* Debug */ = {
			isa = XCBuildConfiguration;
			buildSettings = {
				ASSETCATALOG_COMPILER_APPICON_NAME = AppIcon;
				ASSETCATALOG_COMPILER_LAUNCHIMAGE_NAME = LaunchImage;
				GCC_PRECOMPILE_PREFIX_HEADER = YES;
				GCC_PREFIX_HEADER = "UITableViewController Challenge Solution/UITableViewController Challenge Solution-Prefix.pch";
				INFOPLIST_FILE = "UITableViewController Challenge Solution/UITableViewController Challenge Solution-Info.plist";
				PRODUCT_NAME = "$(TARGET_NAME)";
				WRAPPER_EXTENSION = app;
			};
			name = Debug;
		};
		672AC2D31907620A0066A147 /* Release */ = {
			isa = XCBuildConfiguration;
			buildSettings = {
				ASSETCATALOG_COMPILER_APPICON_NAME = AppIcon;
				ASSETCATALOG_COMPILER_LAUNCHIMAGE_NAME = LaunchImage;
				GCC_PRECOMPILE_PREFIX_HEADER = YES;
				GCC_PREFIX_HEADER = "UITableViewController Challenge Solution/UITableViewController Challenge Solution-Prefix.pch";
				INFOPLIST_FILE = "UITableViewController Challenge Solution/UITableViewController Challenge Solution-Info.plist";
				PRODUCT_NAME = "$(TARGET_NAME)";
				WRAPPER_EXTENSION = app;
			};
			name = Release;
		};
		672AC2D51907620A0066A147 /* Debug */ = {
			isa = XCBuildConfiguration;
			buildSettings = {
				BUNDLE_LOADER = "$(BUILT_PRODUCTS_DIR)/UITableViewController Challenge Solution.app/UITableViewController Challenge Solution";
				FRAMEWORK_SEARCH_PATHS = (
					"$(SDKROOT)/Developer/Library/Frameworks",
					"$(inherited)",
					"$(DEVELOPER_FRAMEWORKS_DIR)",
				);
				GCC_PRECOMPILE_PREFIX_HEADER = YES;
				GCC_PREFIX_HEADER = "UITableViewController Challenge Solution/UITableViewController Challenge Solution-Prefix.pch";
				GCC_PREPROCESSOR_DEFINITIONS = (
					"DEBUG=1",
					"$(inherited)",
				);
				INFOPLIST_FILE = "UITableViewController Challenge SolutionTests/UITableViewController Challenge SolutionTests-Info.plist";
				PRODUCT_NAME = "$(TARGET_NAME)";
				TEST_HOST = "$(BUNDLE_LOADER)";
				WRAPPER_EXTENSION = xctest;
			};
			name = Debug;
		};
		672AC2D61907620A0066A147 /* Release */ = {
			isa = XCBuildConfiguration;
			buildSettings = {
				BUNDLE_LOADER = "$(BUILT_PRODUCTS_DIR)/UITableViewController Challenge Solution.app/UITableViewController Challenge Solution";
				FRAMEWORK_SEARCH_PATHS = (
					"$(SDKROOT)/Developer/Library/Frameworks",
					"$(inherited)",
					"$(DEVELOPER_FRAMEWORKS_DIR)",
				);
				GCC_PRECOMPILE_PREFIX_HEADER = YES;
				GCC_PREFIX_HEADER = "UITableViewController Challenge Solution/UITableViewController Challenge Solution-Prefix.pch";
				INFOPLIST_FILE = "UITableViewController Challenge SolutionTests/UITableViewController Challenge SolutionTests-Info.plist";
				PRODUCT_NAME = "$(TARGET_NAME)";
				TEST_HOST = "$(BUNDLE_LOADER)";
				WRAPPER_EXTENSION = xctest;
			};
			name = Release;
		};
/* End XCBuildConfiguration section */

/* Begin XCConfigurationList section */
		672AC29A190762090066A147 /* Build configuration list for PBXProject "UITableViewController Challenge Solution" */ = {
			isa = XCConfigurationList;
			buildConfigurations = (
				672AC2CF1907620A0066A147 /* Debug */,
				672AC2D01907620A0066A147 /* Release */,
			);
			defaultConfigurationIsVisible = 0;
			defaultConfigurationName = Release;
		};
		672AC2D11907620A0066A147 /* Build configuration list for PBXNativeTarget "UITableViewController Challenge Solution" */ = {
			isa = XCConfigurationList;
			buildConfigurations = (
				672AC2D21907620A0066A147 /* Debug */,
				672AC2D31907620A0066A147 /* Release */,
			);
			defaultConfigurationIsVisible = 0;
		};
		672AC2D41907620A0066A147 /* Build configuration list for PBXNativeTarget "UITableViewController Challenge SolutionTests" */ = {
			isa = XCConfigurationList;
			buildConfigurations = (
				672AC2D51907620A0066A147 /* Debug */,
				672AC2D61907620A0066A147 /* Release */,
			);
			defaultConfigurationIsVisible = 0;
		};
/* End XCConfigurationList section */
	};
	rootObject = 672AC297190762090066A147 /* Project object */;
}
